# This file is automatically @generated by Cargo.
# It is not intended for manual editing.
version = 4

[[package]]
name = "applerelease-updater-verify"
version = "1.0.0"
dependencies = [
 "base64",
 "minisign-verify",
]

[[package]]
name = "base64"
version = "0.22.1"
source = "registry+https://github.com/rust-lang/crates.io-index"
checksum = "72b3254f16251a8381aa12e40e3c4d2f0199f8c6508fbecb9d91f575e0fbb8c6"

[[package]]
name = "minisign-verify"
version = "0.3.0"
source = "registry+https://github.com/rust-lang/crates.io-index"
checksum = "871285dc19d8d0ebe0eef3d0e99a205f2a71363b122632cbbfa4a6c370a960ce"
